
Microsoft Visual Studio Solution File, Format Version 12.00
# Visual Studio Version 17
VisualStudioVersion = 17.10.35013.160
MinimumVisualStudioVersion = 10.0.40219.1
Project("{FAE04EC0-301F-11D3-BF4B-00C04F79EFBC}") = "ProductManagement", "ProductManagement\ProductManagement.csproj", "{3E45C108-BACF-436E-9BE2-2D8552573C2D}"
EndProject
Project("{FAE04EC0-301F-11D3-BF4B-00C04F79EFBC}") = "BLL", "BLL\BLL.csproj", "{F1FED98B-AB59-4C17-906C-6BFC0A42A6BC}"
EndProject
Project("{FAE04EC0-301F-11D3-BF4B-00C04F79EFBC}") = "DAL", "DAL\DAL.csproj", "{D745F859-84F2-4D6C-B52C-0D0055D3EFF3}"
EndProject
Global
	GlobalSection(SolutionConfigurationPlatforms) = preSolution
		Debug|Any CPU = Debug|Any CPU
		Release|Any CPU = Release|Any CPU
	EndGlobalSection
	GlobalSection(ProjectConfigurationPlatforms) = postSolution
		{3E45C108-BACF-436E-9BE2-2D8552573C2D}.Debug|Any CPU.ActiveCfg = Debug|Any CPU
		{3E45C108-BACF-436E-9BE2-2D8552573C2D}.Debug|Any CPU.Build.0 = Debug|Any CPU
		{3E45C108-BACF-436E-9BE2-2D8552573C2D}.Release|Any CPU.ActiveCfg = Release|Any CPU
		{3E45C108-BACF-436E-9BE2-2D8552573C2D}.Release|Any CPU.Build.0 = Release|Any CPU
		{F1FED98B-AB59-4C17-906C-6BFC0A42A6BC}.Debug|Any CPU.ActiveCfg = Debug|Any CPU
		{F1FED98B-AB59-4C17-906C-6BFC0A42A6BC}.Debug|Any CPU.Build.0 = Debug|Any CPU
		{F1FED98B-AB59-4C17-906C-6BFC0A42A6BC}.Release|Any CPU.ActiveCfg = Release|Any CPU
		{F1FED98B-AB59-4C17-906C-6BFC0A42A6BC}.Release|Any CPU.Build.0 = Release|Any CPU
		{D745F859-84F2-4D6C-B52C-0D0055D3EFF3}.Debug|Any CPU.ActiveCfg = Debug|Any CPU
		{D745F859-84F2-4D6C-B52C-0D0055D3EFF3}.Debug|Any CPU.Build.0 = Debug|Any CPU
		{D745F859-84F2-4D6C-B52C-0D0055D3EFF3}.Release|Any CPU.ActiveCfg = Release|Any CPU
		{D745F859-84F2-4D6C-B52C-0D0055D3EFF3}.Release|Any CPU.Build.0 = Release|Any CPU
	EndGlobalSection
	GlobalSection(SolutionProperties) = preSolution
		HideSolutionNode = FALSE
	EndGlobalSection
	GlobalSection(ExtensibilityGlobals) = postSolution
		SolutionGuid = {EBF729A1-5753-4A4D-89E4-11C6A0A6C97A}
	EndGlobalSection
EndGlobal
